
Microsoft Visual Studio Solution File, Format Version 12.00
# Visual Studio Version 16
VisualStudioVersion = 16.0.30428.66
MinimumVisualStudioVersion = 10.0.40219.1
Project("{FAE04EC0-301F-11D3-BF4B-00C04F79EFBC}") = "Custom_Alignment", "Custom_Alignment.csproj", "{85A81C76-7590-466B-8CCE-62F2187EED7A}"
EndProject
Global
	GlobalSection(SolutionConfigurationPlatforms) = preSolution
		Debug|Any CPU = Debug|Any CPU
		Release|Any CPU = Release|Any CPU
	EndGlobalSection
	GlobalSection(ProjectConfigurationPlatforms) = postSolution
		{85A81C76-7590-466B-8CCE-62F2187EED7A}.Debug|Any CPU.ActiveCfg = Debug|Any CPU
		{85A81C76-7590-466B-8CCE-62F2187EED7A}.Debug|Any CPU.Build.0 = Debug|Any CPU
		{85A81C76-7590-466B-8CCE-62F2187EED7A}.Release|Any CPU.ActiveCfg = Release|Any CPU
		{85A81C76-7590-466B-8CCE-62F2187EED7A}.Release|Any CPU.Build.0 = Release|Any CPU
	EndGlobalSection
	GlobalSection(SolutionProperties) = preSolution
		HideSolutionNode = FALSE
	EndGlobalSection
	GlobalSection(ExtensibilityGlobals) = postSolution
		SolutionGuid = {2C01B733-B266-4D6D-82C8-B47C754A9A71}
	EndGlobalSection
EndGlobal
